
Microsoft Visual Studio Solution File, Format Version 12.00
# Visual Studio 2012
VisualStudioVersion = 12.0.30324.0
MinimumVisualStudioVersion = 10.0.40219.1
Project("{FAE04EC0-301F-11D3-BF4B-00C04F79EFBC}") = "PortableClassLibrary", "PortableClassLibrary\PortableClassLibrary.csproj", "{0196554B-AB31-4E3E-86C7-080A1072DA9E}"
EndProject
Project("{FAE04EC0-301F-11D3-BF4B-00C04F79EFBC}") = "WindowsPhone", "WindowsPhone\WindowsPhone.csproj", "{1B46FDD0-B436-4EE1-8CCE-B909DFFBAFD0}"
EndProject
Project("{FAE04EC0-301F-11D3-BF4B-00C04F79EFBC}") = "Android", "Android\Android.csproj", "{3EDA265C-5FC5-43DC-A882-0BEAE407F4C2}"
EndProject
Project("{FAE04EC0-301F-11D3-BF4B-00C04F79EFBC}") = "PortableClassLibraryTiny", "PortableClassLibraryTiny\PortableClassLibraryTiny.csproj", "{8932D547-D38B-4C8D-B86F-CB8496D2EF26}"
EndProject
Project("{FAE04EC0-301F-11D3-BF4B-00C04F79EFBC}") = "AndroidHack", "AndroidHack\AndroidHack.csproj", "{5A9EDDB3-BEFE-44C3-A7CE-78540D984F56}"
EndProject
Global
	GlobalSection(SolutionConfigurationPlatforms) = preSolution
		Ad-Hoc|Any CPU = Ad-Hoc|Any CPU
		Ad-Hoc|ARM = Ad-Hoc|ARM
		Ad-Hoc|iPhone = Ad-Hoc|iPhone
		Ad-Hoc|iPhoneSimulator = Ad-Hoc|iPhoneSimulator
		Ad-Hoc|Mixed Platforms = Ad-Hoc|Mixed Platforms
		Ad-Hoc|x86 = Ad-Hoc|x86
		AppStore|Any CPU = AppStore|Any CPU
		AppStore|ARM = AppStore|ARM
		AppStore|iPhone = AppStore|iPhone
		AppStore|iPhoneSimulator = AppStore|iPhoneSimulator
		AppStore|Mixed Platforms = AppStore|Mixed Platforms
		AppStore|x86 = AppStore|x86
		Debug|Any CPU = Debug|Any CPU
		Debug|ARM = Debug|ARM
		Debug|iPhone = Debug|iPhone
		Debug|iPhoneSimulator = Debug|iPhoneSimulator
		Debug|Mixed Platforms = Debug|Mixed Platforms
		Debug|x86 = Debug|x86
		Release|Any CPU = Release|Any CPU
		Release|ARM = Release|ARM
		Release|iPhone = Release|iPhone
		Release|iPhoneSimulator = Release|iPhoneSimulator
		Release|Mixed Platforms = Release|Mixed Platforms
		Release|x86 = Release|x86
	EndGlobalSection
	GlobalSection(ProjectConfigurationPlatforms) = postSolution
		{0196554B-AB31-4E3E-86C7-080A1072DA9E}.Ad-Hoc|Any CPU.ActiveCfg = Release|Any CPU
		{0196554B-AB31-4E3E-86C7-080A1072DA9E}.Ad-Hoc|Any CPU.Build.0 = Release|Any CPU
		{0196554B-AB31-4E3E-86C7-080A1072DA9E}.Ad-Hoc|ARM.ActiveCfg = Release|Any CPU
		{0196554B-AB31-4E3E-86C7-080A1072DA9E}.Ad-Hoc|iPhone.ActiveCfg = Release|Any CPU
		{0196554B-AB31-4E3E-86C7-080A1072DA9E}.Ad-Hoc|iPhoneSimulator.ActiveCfg = Release|Any CPU
		{0196554B-AB31-4E3E-86C7-080A1072DA9E}.Ad-Hoc|Mixed Platforms.ActiveCfg = Release|Any CPU
		{0196554B-AB31-4E3E-86C7-080A1072DA9E}.Ad-Hoc|Mixed Platforms.Build.0 = Release|Any CPU
		{0196554B-AB31-4E3E-86C7-080A1072DA9E}.Ad-Hoc|x86.ActiveCfg = Release|Any CPU
		{0196554B-AB31-4E3E-86C7-080A1072DA9E}.AppStore|Any CPU.ActiveCfg = Release|Any CPU
		{0196554B-AB31-4E3E-86C7-080A1072DA9E}.AppStore|Any CPU.Build.0 = Release|Any CPU
		{0196554B-AB31-4E3E-86C7-080A1072DA9E}.AppStore|ARM.ActiveCfg = Release|Any CPU
		{0196554B-AB31-4E3E-86C7-080A1072DA9E}.AppStore|iPhone.ActiveCfg = Release|Any CPU
		{0196554B-AB31-4E3E-86C7-080A1072DA9E}.AppStore|iPhoneSimulator.ActiveCfg = Release|Any CPU
		{0196554B-AB31-4E3E-86C7-080A1072DA9E}.AppStore|Mixed Platforms.ActiveCfg = Release|Any CPU
		{0196554B-AB31-4E3E-86C7-080A1072DA9E}.AppStore|Mixed Platforms.Build.0 = Release|Any CPU
		{0196554B-AB31-4E3E-86C7-080A1072DA9E}.AppStore|x86.ActiveCfg = Release|Any CPU
		{0196554B-AB31-4E3E-86C7-080A1072DA9E}.Debug|Any CPU.ActiveCfg = Debug|Any CPU
		{0196554B-AB31-4E3E-86C7-080A1072DA9E}.Debug|Any CPU.Build.0 = Debug|Any CPU
		{0196554B-AB31-4E3E-86C7-080A1072DA9E}.Debug|ARM.ActiveCfg = Debug|Any CPU
		{0196554B-AB31-4E3E-86C7-080A1072DA9E}.Debug|iPhone.ActiveCfg = Debug|Any CPU
		{0196554B-AB31-4E3E-86C7-080A1072DA9E}.Debug|iPhoneSimulator.ActiveCfg = Debug|Any CPU
		{0196554B-AB31-4E3E-86C7-080A1072DA9E}.Debug|Mixed Platforms.ActiveCfg = Debug|Any CPU
		{0196554B-AB31-4E3E-86C7-080A1072DA9E}.Debug|Mixed Platforms.Build.0 = Debug|Any CPU
		{0196554B-AB31-4E3E-86C7-080A1072DA9E}.Debug|x86.ActiveCfg = Debug|Any CPU
		{0196554B-AB31-4E3E-86C7-080A1072DA9E}.Release|Any CPU.ActiveCfg = Release|Any CPU
		{0196554B-AB31-4E3E-86C7-080A1072DA9E}.Release|Any CPU.Build.0 = Release|Any CPU
		{0196554B-AB31-4E3E-86C7-080A1072DA9E}.Release|ARM.ActiveCfg = Release|Any CPU
		{0196554B-AB31-4E3E-86C7-080A1072DA9E}.Release|iPhone.ActiveCfg = Release|Any CPU
		{0196554B-AB31-4E3E-86C7-080A1072DA9E}.Release|iPhoneSimulator.ActiveCfg = Release|Any CPU
		{0196554B-AB31-4E3E-86C7-080A1072DA9E}.Release|Mixed Platforms.ActiveCfg = Release|Any CPU
		{0196554B-AB31-4E3E-86C7-080A1072DA9E}.Release|Mixed Platforms.Build.0 = Release|Any CPU
		{0196554B-AB31-4E3E-86C7-080A1072DA9E}.Release|x86.ActiveCfg = Release|Any CPU
		{1B46FDD0-B436-4EE1-8CCE-B909DFFBAFD0}.Ad-Hoc|Any CPU.ActiveCfg = Release|Any CPU
		{1B46FDD0-B436-4EE1-8CCE-B909DFFBAFD0}.Ad-Hoc|Any CPU.Build.0 = Release|Any CPU
		{1B46FDD0-B436-4EE1-8CCE-B909DFFBAFD0}.Ad-Hoc|Any CPU.Deploy.0 = Release|Any CPU
		{1B46FDD0-B436-4EE1-8CCE-B909DFFBAFD0}.Ad-Hoc|ARM.ActiveCfg = Release|ARM
		{1B46FDD0-B436-4EE1-8CCE-B909DFFBAFD0}.Ad-Hoc|ARM.Build.0 = Release|ARM
		{1B46FDD0-B436-4EE1-8CCE-B909DFFBAFD0}.Ad-Hoc|ARM.Deploy.0 = Release|ARM
		{1B46FDD0-B436-4EE1-8CCE-B909DFFBAFD0}.Ad-Hoc|iPhone.ActiveCfg = Release|Any CPU
		{1B46FDD0-B436-4EE1-8CCE-B909DFFBAFD0}.Ad-Hoc|iPhoneSimulator.ActiveCfg = Release|Any CPU
		{1B46FDD0-B436-4EE1-8CCE-B909DFFBAFD0}.Ad-Hoc|Mixed Platforms.ActiveCfg = Release|x86
		{1B46FDD0-B436-4EE1-8CCE-B909DFFBAFD0}.Ad-Hoc|Mixed Platforms.Build.0 = Release|x86
		{1B46FDD0-B436-4EE1-8CCE-B909DFFBAFD0}.Ad-Hoc|Mixed Platforms.Deploy.0 = Release|x86
		{1B46FDD0-B436-4EE1-8CCE-B909DFFBAFD0}.Ad-Hoc|x86.ActiveCfg = Release|x86
		{1B46FDD0-B436-4EE1-8CCE-B909DFFBAFD0}.Ad-Hoc|x86.Build.0 = Release|x86
		{1B46FDD0-B436-4EE1-8CCE-B909DFFBAFD0}.Ad-Hoc|x86.Deploy.0 = Release|x86
		{1B46FDD0-B436-4EE1-8CCE-B909DFFBAFD0}.AppStore|Any CPU.ActiveCfg = Release|Any CPU
		{1B46FDD0-B436-4EE1-8CCE-B909DFFBAFD0}.AppStore|Any CPU.Build.0 = Release|Any CPU
		{1B46FDD0-B436-4EE1-8CCE-B909DFFBAFD0}.AppStore|Any CPU.Deploy.0 = Release|Any CPU
		{1B46FDD0-B436-4EE1-8CCE-B909DFFBAFD0}.AppStore|ARM.ActiveCfg = Release|ARM
		{1B46FDD0-B436-4EE1-8CCE-B909DFFBAFD0}.AppStore|ARM.Build.0 = Release|ARM
		{1B46FDD0-B436-4EE1-8CCE-B909DFFBAFD0}.AppStore|ARM.Deploy.0 = Release|ARM
		{1B46FDD0-B436-4EE1-8CCE-B909DFFBAFD0}.AppStore|iPhone.ActiveCfg = Release|Any CPU
		{1B46FDD0-B436-4EE1-8CCE-B909DFFBAFD0}.AppStore|iPhoneSimulator.ActiveCfg = Release|Any CPU
		{1B46FDD0-B436-4EE1-8CCE-B909DFFBAFD0}.AppStore|Mixed Platforms.ActiveCfg = Release|x86
		{1B46FDD0-B436-4EE1-8CCE-B909DFFBAFD0}.AppStore|Mixed Platforms.Build.0 = Release|x86
		{1B46FDD0-B436-4EE1-8CCE-B909DFFBAFD0}.AppStore|Mixed Platforms.Deploy.0 = Release|x86
		{1B46FDD0-B436-4EE1-8CCE-B909DFFBAFD0}.AppStore|x86.ActiveCfg = Release|x86
		{1B46FDD0-B436-4EE1-8CCE-B909DFFBAFD0}.AppStore|x86.Build.0 = Release|x86
		{1B46FDD0-B436-4EE1-8CCE-B909DFFBAFD0}.AppStore|x86.Deploy.0 = Release|x86
		{1B46FDD0-B436-4EE1-8CCE-B909DFFBAFD0}.Debug|Any CPU.ActiveCfg = Debug|Any CPU
		{1B46FDD0-B436-4EE1-8CCE-B909DFFBAFD0}.Debug|Any CPU.Build.0 = Debug|Any CPU
		{1B46FDD0-B436-4EE1-8CCE-B909DFFBAFD0}.Debug|Any CPU.Deploy.0 = Debug|Any CPU
		{1B46FDD0-B436-4EE1-8CCE-B909DFFBAFD0}.Debug|ARM.ActiveCfg = Debug|ARM
		{1B46FDD0-B436-4EE1-8CCE-B909DFFBAFD0}.Debug|ARM.Build.0 = Debug|ARM
		{1B46FDD0-B436-4EE1-8CCE-B909DFFBAFD0}.Debug|ARM.Deploy.0 = Debug|ARM
		{1B46FDD0-B436-4EE1-8CCE-B909DFFBAFD0}.Debug|iPhone.ActiveCfg = Debug|Any CPU
		{1B46FDD0-B436-4EE1-8CCE-B909DFFBAFD0}.Debug|iPhoneSimulator.ActiveCfg = Debug|Any CPU
		{1B46FDD0-B436-4EE1-8CCE-B909DFFBAFD0}.Debug|Mixed Platforms.ActiveCfg = Debug|x86
		{1B46FDD0-B436-4EE1-8CCE-B909DFFBAFD0}.Debug|Mixed Platforms.Build.0 = Debug|x86
		{1B46FDD0-B436-4EE1-8CCE-B909DFFBAFD0}.Debug|Mixed Platforms.Deploy.0 = Debug|x86
		{1B46FDD0-B436-4EE1-8CCE-B909DFFBAFD0}.Debug|x86.ActiveCfg = Debug|x86
		{1B46FDD0-B436-4EE1-8CCE-B909DFFBAFD0}.Debug|x86.Build.0 = Debug|x86
		{1B46FDD0-B436-4EE1-8CCE-B909DFFBAFD0}.Debug|x86.Deploy.0 = Debug|x86
		{1B46FDD0-B436-4EE1-8CCE-B909DFFBAFD0}.Release|Any CPU.ActiveCfg = Release|Any CPU
		{1B46FDD0-B436-4EE1-8CCE-B909DFFBAFD0}.Release|Any CPU.Build.0 = Release|Any CPU
		{1B46FDD0-B436-4EE1-8CCE-B909DFFBAFD0}.Release|Any CPU.Deploy.0 = Release|Any CPU
		{1B46FDD0-B436-4EE1-8CCE-B909DFFBAFD0}.Release|ARM.ActiveCfg = Release|ARM
		{1B46FDD0-B436-4EE1-8CCE-B909DFFBAFD0}.Release|ARM.Build.0 = Release|ARM
		{1B46FDD0-B436-4EE1-8CCE-B909DFFBAFD0}.Release|ARM.Deploy.0 = Release|ARM
		{1B46FDD0-B436-4EE1-8CCE-B909DFFBAFD0}.Release|iPhone.ActiveCfg = Release|Any CPU
		{1B46FDD0-B436-4EE1-8CCE-B909DFFBAFD0}.Release|iPhoneSimulator.ActiveCfg = Release|Any CPU
		{1B46FDD0-B436-4EE1-8CCE-B909DFFBAFD0}.Release|Mixed Platforms.ActiveCfg = Release|x86
		{1B46FDD0-B436-4EE1-8CCE-B909DFFBAFD0}.Release|Mixed Platforms.Build.0 = Release|x86
		{1B46FDD0-B436-4EE1-8CCE-B909DFFBAFD0}.Release|Mixed Platforms.Deploy.0 = Release|x86
		{1B46FDD0-B436-4EE1-8CCE-B909DFFBAFD0}.Release|x86.ActiveCfg = Release|x86
		{1B46FDD0-B436-4EE1-8CCE-B909DFFBAFD0}.Release|x86.Build.0 = Release|x86
		{1B46FDD0-B436-4EE1-8CCE-B909DFFBAFD0}.Release|x86.Deploy.0 = Release|x86
		{3EDA265C-5FC5-43DC-A882-0BEAE407F4C2}.Ad-Hoc|Any CPU.ActiveCfg = Release|Any CPU
		{3EDA265C-5FC5-43DC-A882-0BEAE407F4C2}.Ad-Hoc|Any CPU.Build.0 = Release|Any CPU
		{3EDA265C-5FC5-43DC-A882-0BEAE407F4C2}.Ad-Hoc|Any CPU.Deploy.0 = Release|Any CPU
		{3EDA265C-5FC5-43DC-A882-0BEAE407F4C2}.Ad-Hoc|ARM.ActiveCfg = Release|Any CPU
		{3EDA265C-5FC5-43DC-A882-0BEAE407F4C2}.Ad-Hoc|iPhone.ActiveCfg = Release|Any CPU
		{3EDA265C-5FC5-43DC-A882-0BEAE407F4C2}.Ad-Hoc|iPhoneSimulator.ActiveCfg = Release|Any CPU
		{3EDA265C-5FC5-43DC-A882-0BEAE407F4C2}.Ad-Hoc|Mixed Platforms.ActiveCfg = Release|Any CPU
		{3EDA265C-5FC5-43DC-A882-0BEAE407F4C2}.Ad-Hoc|Mixed Platforms.Build.0 = Release|Any CPU
		{3EDA265C-5FC5-43DC-A882-0BEAE407F4C2}.Ad-Hoc|Mixed Platforms.Deploy.0 = Release|Any CPU
		{3EDA265C-5FC5-43DC-A882-0BEAE407F4C2}.Ad-Hoc|x86.ActiveCfg = Release|Any CPU
		{3EDA265C-5FC5-43DC-A882-0BEAE407F4C2}.AppStore|Any CPU.ActiveCfg = Release|Any CPU
		{3EDA265C-5FC5-43DC-A882-0BEAE407F4C2}.AppStore|Any CPU.Build.0 = Release|Any CPU
		{3EDA265C-5FC5-43DC-A882-0BEAE407F4C2}.AppStore|Any CPU.Deploy.0 = Release|Any CPU
		{3EDA265C-5FC5-43DC-A882-0BEAE407F4C2}.AppStore|ARM.ActiveCfg = Release|Any CPU
		{3EDA265C-5FC5-43DC-A882-0BEAE407F4C2}.AppStore|iPhone.ActiveCfg = Release|Any CPU
		{3EDA265C-5FC5-43DC-A882-0BEAE407F4C2}.AppStore|iPhoneSimulator.ActiveCfg = Release|Any CPU
		{3EDA265C-5FC5-43DC-A882-0BEAE407F4C2}.AppStore|Mixed Platforms.ActiveCfg = Release|Any CPU
		{3EDA265C-5FC5-43DC-A882-0BEAE407F4C2}.AppStore|Mixed Platforms.Build.0 = Release|Any CPU
		{3EDA265C-5FC5-43DC-A882-0BEAE407F4C2}.AppStore|Mixed Platforms.Deploy.0 = Release|Any CPU
		{3EDA265C-5FC5-43DC-A882-0BEAE407F4C2}.AppStore|x86.ActiveCfg = Release|Any CPU
		{3EDA265C-5FC5-43DC-A882-0BEAE407F4C2}.Debug|Any CPU.ActiveCfg = Debug|Any CPU
		{3EDA265C-5FC5-43DC-A882-0BEAE407F4C2}.Debug|Any CPU.Build.0 = Debug|Any CPU
		{3EDA265C-5FC5-43DC-A882-0BEAE407F4C2}.Debug|Any CPU.Deploy.0 = Debug|Any CPU
		{3EDA265C-5FC5-43DC-A882-0BEAE407F4C2}.Debug|ARM.ActiveCfg = Debug|Any CPU
		{3EDA265C-5FC5-43DC-A882-0BEAE407F4C2}.Debug|iPhone.ActiveCfg = Debug|Any CPU
		{3EDA265C-5FC5-43DC-A882-0BEAE407F4C2}.Debug|iPhoneSimulator.ActiveCfg = Debug|Any CPU
		{3EDA265C-5FC5-43DC-A882-0BEAE407F4C2}.Debug|Mixed Platforms.ActiveCfg = Debug|Any CPU
		{3EDA265C-5FC5-43DC-A882-0BEAE407F4C2}.Debug|Mixed Platforms.Build.0 = Debug|Any CPU
		{3EDA265C-5FC5-43DC-A882-0BEAE407F4C2}.Debug|Mixed Platforms.Deploy.0 = Debug|Any CPU
		{3EDA265C-5FC5-43DC-A882-0BEAE407F4C2}.Debug|x86.ActiveCfg = Debug|Any CPU
		{3EDA265C-5FC5-43DC-A882-0BEAE407F4C2}.Release|Any CPU.ActiveCfg = Release|Any CPU
		{3EDA265C-5FC5-43DC-A882-0BEAE407F4C2}.Release|Any CPU.Build.0 = Release|Any CPU
		{3EDA265C-5FC5-43DC-A882-0BEAE407F4C2}.Release|Any CPU.Deploy.0 = Release|Any CPU
		{3EDA265C-5FC5-43DC-A882-0BEAE407F4C2}.Release|ARM.ActiveCfg = Release|Any CPU
		{3EDA265C-5FC5-43DC-A882-0BEAE407F4C2}.Release|iPhone.ActiveCfg = Release|Any CPU
		{3EDA265C-5FC5-43DC-A882-0BEAE407F4C2}.Release|iPhoneSimulator.ActiveCfg = Release|Any CPU
		{3EDA265C-5FC5-43DC-A882-0BEAE407F4C2}.Release|Mixed Platforms.ActiveCfg = Release|Any CPU
		{3EDA265C-5FC5-43DC-A882-0BEAE407F4C2}.Release|Mixed Platforms.Build.0 = Release|Any CPU
		{3EDA265C-5FC5-43DC-A882-0BEAE407F4C2}.Release|Mixed Platforms.Deploy.0 = Release|Any CPU
		{3EDA265C-5FC5-43DC-A882-0BEAE407F4C2}.Release|x86.ActiveCfg = Release|Any CPU
		{5A9EDDB3-BEFE-44C3-A7CE-78540D984F56}.Ad-Hoc|Any CPU.ActiveCfg = Release|Any CPU
		{5A9EDDB3-BEFE-44C3-A7CE-78540D984F56}.Ad-Hoc|Any CPU.Build.0 = Release|Any CPU
		{5A9EDDB3-BEFE-44C3-A7CE-78540D984F56}.Ad-Hoc|ARM.ActiveCfg = Release|Any CPU
		{5A9EDDB3-BEFE-44C3-A7CE-78540D984F56}.Ad-Hoc|ARM.Build.0 = Release|Any CPU
		{5A9EDDB3-BEFE-44C3-A7CE-78540D984F56}.Ad-Hoc|iPhone.ActiveCfg = Release|Any CPU
		{5A9EDDB3-BEFE-44C3-A7CE-78540D984F56}.Ad-Hoc|iPhone.Build.0 = Release|Any CPU
		{5A9EDDB3-BEFE-44C3-A7CE-78540D984F56}.Ad-Hoc|iPhoneSimulator.ActiveCfg = Release|Any CPU
		{5A9EDDB3-BEFE-44C3-A7CE-78540D984F56}.Ad-Hoc|iPhoneSimulator.Build.0 = Release|Any CPU
		{5A9EDDB3-BEFE-44C3-A7CE-78540D984F56}.Ad-Hoc|Mixed Platforms.ActiveCfg = Release|Any CPU
		{5A9EDDB3-BEFE-44C3-A7CE-78540D984F56}.Ad-Hoc|Mixed Platforms.Build.0 = Release|Any CPU
		{5A9EDDB3-BEFE-44C3-A7CE-78540D984F56}.Ad-Hoc|x86.ActiveCfg = Release|Any CPU
		{5A9EDDB3-BEFE-44C3-A7CE-78540D984F56}.Ad-Hoc|x86.Build.0 = Release|Any CPU
		{5A9EDDB3-BEFE-44C3-A7CE-78540D984F56}.AppStore|Any CPU.ActiveCfg = Release|Any CPU
		{5A9EDDB3-BEFE-44C3-A7CE-78540D984F56}.AppStore|Any CPU.Build.0 = Release|Any CPU
		{5A9EDDB3-BEFE-44C3-A7CE-78540D984F56}.AppStore|ARM.ActiveCfg = Release|Any CPU
		{5A9EDDB3-BEFE-44C3-A7CE-78540D984F56}.AppStore|ARM.Build.0 = Release|Any CPU
		{5A9EDDB3-BEFE-44C3-A7CE-78540D984F56}.AppStore|iPhone.ActiveCfg = Release|Any CPU
		{5A9EDDB3-BEFE-44C3-A7CE-78540D984F56}.AppStore|iPhone.Build.0 = Release|Any CPU
		{5A9EDDB3-BEFE-44C3-A7CE-78540D984F56}.AppStore|iPhoneSimulator.ActiveCfg = Release|Any CPU
		{5A9EDDB3-BEFE-44C3-A7CE-78540D984F56}.AppStore|iPhoneSimulator.Build.0 = Release|Any CPU
		{5A9EDDB3-BEFE-44C3-A7CE-78540D984F56}.AppStore|Mixed Platforms.ActiveCfg = Release|Any CPU
		{5A9EDDB3-BEFE-44C3-A7CE-78540D984F56}.AppStore|Mixed Platforms.Build.0 = Release|Any CPU
		{5A9EDDB3-BEFE-44C3-A7CE-78540D984F56}.AppStore|x86.ActiveCfg = Release|Any CPU
		{5A9EDDB3-BEFE-44C3-A7CE-78540D984F56}.AppStore|x86.Build.0 = Release|Any CPU
		{5A9EDDB3-BEFE-44C3-A7CE-78540D984F56}.Debug|Any CPU.ActiveCfg = Debug|Any CPU
		{5A9EDDB3-BEFE-44C3-A7CE-78540D984F56}.Debug|Any CPU.Build.0 = Debug|Any CPU
		{5A9EDDB3-BEFE-44C3-A7CE-78540D984F56}.Debug|ARM.ActiveCfg = Debug|Any CPU
		{5A9EDDB3-BEFE-44C3-A7CE-78540D984F56}.Debug|ARM.Build.0 = Debug|Any CPU
		{5A9EDDB3-BEFE-44C3-A7CE-78540D984F56}.Debug|iPhone.ActiveCfg = Debug|Any CPU
		{5A9EDDB3-BEFE-44C3-A7CE-78540D984F56}.Debug|iPhone.Build.0 = Debug|Any CPU
		{5A9EDDB3-BEFE-44C3-A7CE-78540D984F56}.Debug|iPhoneSimulator.ActiveCfg = Debug|Any CPU
		{5A9EDDB3-BEFE-44C3-A7CE-78540D984F56}.Debug|iPhoneSimulator.Build.0 = Debug|Any CPU
		{5A9EDDB3-BEFE-44C3-A7CE-78540D984F56}.Debug|Mixed Platforms.ActiveCfg = Debug|Any CPU
		{5A9EDDB3-BEFE-44C3-A7CE-78540D984F56}.Debug|Mixed Platforms.Build.0 = Debug|Any CPU
		{5A9EDDB3-BEFE-44C3-A7CE-78540D984F56}.Debug|x86.ActiveCfg = Debug|Any CPU
		{5A9EDDB3-BEFE-44C3-A7CE-78540D984F56}.Debug|x86.Build.0 = Debug|Any CPU
		{5A9EDDB3-BEFE-44C3-A7CE-78540D984F56}.Release|Any CPU.ActiveCfg = Release|Any CPU
		{5A9EDDB3-BEFE-44C3-A7CE-78540D984F56}.Release|Any CPU.Build.0 = Release|Any CPU
		{5A9EDDB3-BEFE-44C3-A7CE-78540D984F56}.Release|ARM.ActiveCfg = Release|Any CPU
		{5A9EDDB3-BEFE-44C3-A7CE-78540D984F56}.Release|ARM.Build.0 = Release|Any CPU
		{5A9EDDB3-BEFE-44C3-A7CE-78540D984F56}.Release|iPhone.ActiveCfg = Release|Any CPU
		{5A9EDDB3-BEFE-44C3-A7CE-78540D984F56}.Release|iPhone.Build.0 = Release|Any CPU
		{5A9EDDB3-BEFE-44C3-A7CE-78540D984F56}.Release|iPhoneSimulator.ActiveCfg = Release|Any CPU
		{5A9EDDB3-BEFE-44C3-A7CE-78540D984F56}.Release|iPhoneSimulator.Build.0 = Release|Any CPU
		{5A9EDDB3-BEFE-44C3-A7CE-78540D984F56}.Release|Mixed Platforms.ActiveCfg = Release|Any CPU
		{5A9EDDB3-BEFE-44C3-A7CE-78540D984F56}.Release|Mixed Platforms.Build.0 = Release|Any CPU
		{5A9EDDB3-BEFE-44C3-A7CE-78540D984F56}.Release|x86.ActiveCfg = Release|Any CPU
		{5A9EDDB3-BEFE-44C3-A7CE-78540D984F56}.Release|x86.Build.0 = Release|Any CPU
		{8932D547-D38B-4C8D-B86F-CB8496D2EF26}.Ad-Hoc|Any CPU.ActiveCfg = Release|Any CPU
		{8932D547-D38B-4C8D-B86F-CB8496D2EF26}.Ad-Hoc|Any CPU.Build.0 = Release|Any CPU
		{8932D547-D38B-4C8D-B86F-CB8496D2EF26}.Ad-Hoc|ARM.ActiveCfg = Release|Any CPU
		{8932D547-D38B-4C8D-B86F-CB8496D2EF26}.Ad-Hoc|iPhone.ActiveCfg = Release|Any CPU
		{8932D547-D38B-4C8D-B86F-CB8496D2EF26}.Ad-Hoc|iPhoneSimulator.ActiveCfg = Release|Any CPU
		{8932D547-D38B-4C8D-B86F-CB8496D2EF26}.Ad-Hoc|Mixed Platforms.ActiveCfg = Release|Any CPU
		{8932D547-D38B-4C8D-B86F-CB8496D2EF26}.Ad-Hoc|Mixed Platforms.Build.0 = Release|Any CPU
		{8932D547-D38B-4C8D-B86F-CB8496D2EF26}.Ad-Hoc|x86.ActiveCfg = Release|Any CPU
		{8932D547-D38B-4C8D-B86F-CB8496D2EF26}.AppStore|Any CPU.ActiveCfg = Release|Any CPU
		{8932D547-D38B-4C8D-B86F-CB8496D2EF26}.AppStore|Any CPU.Build.0 = Release|Any CPU
		{8932D547-D38B-4C8D-B86F-CB8496D2EF26}.AppStore|ARM.ActiveCfg = Release|Any CPU
		{8932D547-D38B-4C8D-B86F-CB8496D2EF26}.AppStore|iPhone.ActiveCfg = Release|Any CPU
		{8932D547-D38B-4C8D-B86F-CB8496D2EF26}.AppStore|iPhoneSimulator.ActiveCfg = Release|Any CPU
		{8932D547-D38B-4C8D-B86F-CB8496D2EF26}.AppStore|Mixed Platforms.ActiveCfg = Release|Any CPU
		{8932D547-D38B-4C8D-B86F-CB8496D2EF26}.AppStore|Mixed Platforms.Build.0 = Release|Any CPU
		{8932D547-D38B-4C8D-B86F-CB8496D2EF26}.AppStore|x86.ActiveCfg = Release|Any CPU
		{8932D547-D38B-4C8D-B86F-CB8496D2EF26}.Debug|Any CPU.ActiveCfg = Debug|Any CPU
		{8932D547-D38B-4C8D-B86F-CB8496D2EF26}.Debug|Any CPU.Build.0 = Debug|Any CPU
		{8932D547-D38B-4C8D-B86F-CB8496D2EF26}.Debug|ARM.ActiveCfg = Debug|Any CPU
		{8932D547-D38B-4C8D-B86F-CB8496D2EF26}.Debug|iPhone.ActiveCfg = Debug|Any CPU
		{8932D547-D38B-4C8D-B86F-CB8496D2EF26}.Debug|iPhoneSimulator.ActiveCfg = Debug|Any CPU
		{8932D547-D38B-4C8D-B86F-CB8496D2EF26}.Debug|Mixed Platforms.ActiveCfg = Debug|Any CPU
		{8932D547-D38B-4C8D-B86F-CB8496D2EF26}.Debug|Mixed Platforms.Build.0 = Debug|Any CPU
		{8932D547-D38B-4C8D-B86F-CB8496D2EF26}.Debug|x86.ActiveCfg = Debug|Any CPU
		{8932D547-D38B-4C8D-B86F-CB8496D2EF26}.Release|Any CPU.ActiveCfg = Release|Any CPU
		{8932D547-D38B-4C8D-B86F-CB8496D2EF26}.Release|Any CPU.Build.0 = Release|Any CPU
		{8932D547-D38B-4C8D-B86F-CB8496D2EF26}.Release|ARM.ActiveCfg = Release|Any CPU
		{8932D547-D38B-4C8D-B86F-CB8496D2EF26}.Release|iPhone.ActiveCfg = Release|Any CPU
		{8932D547-D38B-4C8D-B86F-CB8496D2EF26}.Release|iPhoneSimulator.ActiveCfg = Release|Any CPU
		{8932D547-D38B-4C8D-B86F-CB8496D2EF26}.Release|Mixed Platforms.ActiveCfg = Release|Any CPU
		{8932D547-D38B-4C8D-B86F-CB8496D2EF26}.Release|Mixed Platforms.Build.0 = Release|Any CPU
		{8932D547-D38B-4C8D-B86F-CB8496D2EF26}.Release|x86.ActiveCfg = Release|Any CPU
	EndGlobalSection
	GlobalSection(MonoDevelopProperties) = preSolution
		StartupItem = AndroidHack\AndroidHack.csproj
	EndGlobalSection
	GlobalSection(SolutionProperties) = preSolution
		HideSolutionNode = FALSE
	EndGlobalSection
EndGlobal
